// !$*UTF8*$!
{
	archiveVersion = 1;
	classes = {
	};
	objectVersion = 55;
	objects = {

/* Begin PBXBuildFile section */
		7F06DFA4274182410095B326 /* AppDelegate.swift in Sources */ = {isa = PBXBuildFile; fileRef = 7F06DFA3274182410095B326 /* AppDelegate.swift */; };
		7F06DFA6274182410095B326 /* SceneDelegate.swift in Sources */ = {isa = PBXBuildFile; fileRef = 7F06DFA5274182410095B326 /* SceneDelegate.swift */; };
		7F06DFA8274182410095B326 /* ViewController.swift in Sources */ = {isa = PBXBuildFile; fileRef = 7F06DFA7274182410095B326 /* ViewController.swift */; };
		7F06DFAB274182410095B326 /* Main.storyboard in Resources */ = {isa = PBXBuildFile; fileRef = 7F06DFA9274182410095B326 /* Main.storyboard */; };
		7F06DFAD274182430095B326 /* Assets.xcassets in Resources */ = {isa = PBXBuildFile; fileRef = 7F06DFAC274182430095B326 /* Assets.xcassets */; };
		7F06DFB0274182430095B326 /* LaunchScreen.storyboard in Resources */ = {isa = PBXBuildFile; fileRef = 7F06DFAE274182430095B326 /* LaunchScreen.storyboard */; };
		7F94E30E27418545006B2AF5 /* User.swift in Sources */ = {isa = PBXBuildFile; fileRef = 7F94E30D27418545006B2AF5 /* User.swift */; };
/* End PBXBuildFile section */

/* Begin PBXFileReference section */
		7F06DFA0274182410095B326 /* AsyncAwait.app */ = {isa = PBXFileReference; explicitFileType = wrapper.application; includeInIndex = 0; path = AsyncAwait.app; sourceTree = BUILT_PRODUCTS_DIR; };
		7F06DFA3274182410095B326 /* AppDelegate.swift */ = {isa = PBXFileReference; lastKnownFileType = sourcecode.swift; path = AppDelegate.swift; sourceTree = "<group>"; };
		7F06DFA5274182410095B326 /* SceneDelegate.swift */ = {isa = PBXFileReference; lastKnownFileType = sourcecode.swift; path = SceneDelegate.swift; sourceTree = "<group>"; };
		7F06DFA7274182410095B326 /* ViewController.swift */ = {isa = PBXFileReference; lastKnownFileType = sourcecode.swift; path = ViewController.swift; sourceTree = "<group>"; };
		7F06DFAA274182410095B326 /* Base */ = {isa = PBXFileReference; lastKnownFileType = file.storyboard; name = Base; path = Base.lproj/Main.storyboard; sourceTree = "<group>"; };
		7F06DFAC274182430095B326 /* Assets.xcassets */ = {isa = PBXFileReference; lastKnownFileType = folder.assetcatalog; path = Assets.xcassets; sourceTree = "<group>"; };
		7F06DFAF274182430095B326 /* Base */ = {isa = PBXFileReference; lastKnownFileType = file.storyboard; name = Base; path = Base.lproj/LaunchScreen.storyboard; sourceTree = "<group>"; };
		7F06DFB1274182430095B326 /* Info.plist */ = {isa = PBXFileReference; lastKnownFileType = text.plist.xml; path = Info.plist; sourceTree = "<group>"; };
		7F94E30D27418545006B2AF5 /* User.swift */ = {isa = PBXFileReference; lastKnownFileType = sourcecode.swift; path = User.swift; sourceTree = "<group>"; };
/* End PBXFileReference section */

/* Begin PBXFrameworksBuildPhase section */
		7F06DF9D274182410095B326 /* Frameworks */ = {
			isa = PBXFrameworksBuildPhase;
			buildActionMask = 2147483647;
			files = (
			);
			runOnlyForDeploymentPostprocessing = 0;
		};
/* End PBXFrameworksBuildPhase section */

/* Begin PBXGroup section */
		7F06DF97274182410095B326 = {
			isa = PBXGroup;
			children = (
				7F06DFA2274182410095B326 /* AsyncAwait */,
				7F06DFA1274182410095B326 /* Products */,
			);
			sourceTree = "<group>";
		};
		7F06DFA1274182410095B326 /* Products */ = {
			isa = PBXGroup;
			children = (
				7F06DFA0274182410095B326 /* AsyncAwait.app */,
			);
			name = Products;
			sourceTree = "<group>";
		};
		7F06DFA2274182410095B326 /* AsyncAwait */ = {
			isa = PBXGroup;
			children = (
				7F94E30F27418585006B2AF5 /* App */,
				7F94E311274185A3006B2AF5 /* Model */,
				7F94E312274185B1006B2AF5 /* View */,
				7F94E31027418590006B2AF5 /* Controller */,
				7F06DFAC274182430095B326 /* Assets.xcassets */,
				7F06DFB1274182430095B326 /* Info.plist */,
			);
			path = AsyncAwait;
			sourceTree = "<group>";
		};
		7F94E30F27418585006B2AF5 /* App */ = {
			isa = PBXGroup;
			children = (
				7F06DFA3274182410095B326 /* AppDelegate.swift */,
				7F06DFA5274182410095B326 /* SceneDelegate.swift */,
			);
			path = App;
			sourceTree = "<group>";
		};
		7F94E31027418590006B2AF5 /* Controller */ = {
			isa = PBXGroup;
			children = (
				7F06DFA7274182410095B326 /* ViewController.swift */,
			);
			path = Controller;
			sourceTree = "<group>";
		};
		7F94E311274185A3006B2AF5 /* Model */ = {
			isa = PBXGroup;
			children = (
				7F94E30D27418545006B2AF5 /* User.swift */,
			);
			path = Model;
			sourceTree = "<group>";
		};
		7F94E312274185B1006B2AF5 /* View */ = {
			isa = PBXGroup;
			children = (
				7F06DFA9274182410095B326 /* Main.storyboard */,
				7F06DFAE274182430095B326 /* LaunchScreen.storyboard */,
			);
			path = View;
			sourceTree = "<group>";
		};
/* End PBXGroup section */

/* Begin PBXNativeTarget section */
		7F06DF9F274182410095B326 /* AsyncAwait */ = {
			isa = PBXNativeTarget;
			buildConfigurationList = 7F06DFB4274182430095B326 /* Build configuration list for PBXNativeTarget "AsyncAwait" */;
			buildPhases = (
				7F06DF9C274182410095B326 /* Sources */,
				7F06DF9D274182410095B326 /* Frameworks */,
				7F06DF9E274182410095B326 /* Resources */,
			);
			buildRules = (
			);
			dependencies = (
			);
			name = AsyncAwait;
			productName = AsyncAwait;
			productReference = 7F06DFA0274182410095B326 /* AsyncAwait.app */;
			productType = "com.apple.product-type.application";
		};
/* End PBXNativeTarget section */

/* Begin PBXProject section */
		7F06DF98274182410095B326 /* Project object */ = {
			isa = PBXProject;
			attributes = {
				BuildIndependentTargetsInParallel = 1;
				LastSwiftUpdateCheck = 1300;
				LastUpgradeCheck = 1300;
				TargetAttributes = {
					7F06DF9F274182410095B326 = {
						CreatedOnToolsVersion = 13.0;
					};
				};
			};
			buildConfigurationList = 7F06DF9B274182410095B326 /* Build configuration list for PBXProject "AsyncAwait" */;
			compatibilityVersion = "Xcode 13.0";
			developmentRegion = en;
			hasScannedForEncodings = 0;
			knownRegions = (
				en,
				Base,
			);
			mainGroup = 7F06DF97274182410095B326;
			productRefGroup = 7F06DFA1274182410095B326 /* Products */;
			projectDirPath = "";
			projectRoot = "";
			targets = (
				7F06DF9F274182410095B326 /* AsyncAwait */,
			);
		};
/* End PBXProject section */

/* Begin PBXResourcesBuildPhase section */
		7F06DF9E274182410095B326 /* Resources */ = {
			isa = PBXResourcesBuildPhase;
			buildActionMask = 2147483647;
			files = (
				7F06DFB0274182430095B326 /* LaunchScreen.storyboard in Resources */,
				7F06DFAD274182430095B326 /* Assets.xcassets in Resources */,
				7F06DFAB274182410095B326 /* Main.storyboard in Resources */,
			);
			runOnlyForDeploymentPostprocessing = 0;
		};
/* End PBXResourcesBuildPhase section */

/* Begin PBXSourcesBuildPhase section */
		7F06DF9C274182410095B326 /* Sources */ = {
			isa = PBXSourcesBuildPhase;
			buildActionMask = 2147483647;
			files = (
				7F94E30E27418545006B2AF5 /* User.swift in Sources */,
				7F06DFA8274182410095B326 /* ViewController.swift in Sources */,
				7F06DFA4274182410095B326 /* AppDelegate.swift in Sources */,
				7F06DFA6274182410095B326 /* SceneDelegate.swift in Sources */,
			);
			runOnlyForDeploymentPostprocessing = 0;
		};
/* End PBXSourcesBuildPhase section */

/* Begin PBXVariantGroup section */
		7F06DFA9274182410095B326 /* Main.storyboard */ = {
			isa = PBXVariantGroup;
			children = (
				7F06DFAA274182410095B326 /* Base */,
			);
			name = Main.storyboard;
			sourceTree = "<group>";
		};
		7F06DFAE274182430095B326 /* LaunchScreen.storyboard */ = {
			isa = PBXVariantGroup;
			children = (
				7F06DFAF274182430095B326 /* Base */,
			);
			name = LaunchScreen.storyboard;
			sourceTree = "<group>";
		};
/* End PBXVariantGroup section */

/* Begin XCBuildConfiguration section */
		7F06DFB2274182430095B326 /* Debug */ = {
			isa = XCBuildConfiguration;
			buildSettings = {
				ALWAYS_SEARCH_USER_PATHS = NO;
				CLANG_ANALYZER_NONNULL = YES;
				CLANG_ANALYZER_NUMBER_OBJECT_CONVERSION = YES_AGGRESSIVE;
				CLANG_CXX_LANGUAGE_STANDARD = "gnu++17";
				CLANG_CXX_LIBRARY = "libc++";
				CLANG_ENABLE_MODULES = YES;
				CLANG_ENABLE_OBJC_ARC = YES;
				CLANG_ENABLE_OBJC_WEAK = YES;
				CLANG_WARN_BLOCK_CAPTURE_AUTORELEASING = YES;
				CLANG_WARN_BOOL_CONVERSION = YES;
				CLANG_WARN_COMMA = YES;
				CLANG_WARN_CONSTANT_CONVERSION = YES;
				CLANG_WARN_DEPRECATED_OBJC_IMPLEMENTATIONS = YES;
				CLANG_WARN_DIRECT_OBJC_ISA_USAGE = YES_ERROR;
				CLANG_WARN_DOCUMENTATION_COMMENTS = YES;
				CLANG_WARN_EMPTY_BODY = YES;
				CLANG_WARN_ENUM_CONVERSION = YES;
				CLANG_WARN_INFINITE_RECURSION = YES;
				CLANG_WARN_INT_CONVERSION = YES;
				CLANG_WARN_NON_LITERAL_NULL_CONVERSION = YES;
				CLANG_WARN_OBJC_IMPLICIT_RETAIN_SELF = YES;
				CLANG_WARN_OBJC_LITERAL_CONVERSION = YES;
				CLANG_WARN_OBJC_ROOT_CLASS = YES_ERROR;
				CLANG_WARN_QUOTED_INCLUDE_IN_FRAMEWORK_HEADER = YES;
				CLANG_WARN_RANGE_LOOP_ANALYSIS = YES;
				CLANG_WARN_STRICT_PROTOTYPES = YES;
				CLANG_WARN_SUSPICIOUS_MOVE = YES;
				CLANG_WARN_UNGUARDED_AVAILABILITY = YES_AGGRESSIVE;
				CLANG_WARN_UNREACHABLE_CODE = YES;
				CLANG_WARN__DUPLICATE_METHOD_MATCH = YES;
				COPY_PHASE_STRIP = NO;
				DEBUG_INFORMATION_FORMAT = dwarf;
				ENABLE_STRICT_OBJC_MSGSEND = YES;
				ENABLE_TESTABILITY = YES;
				GCC_C_LANGUAGE_STANDARD = gnu11;
				GCC_DYNAMIC_NO_PIC = NO;
				GCC_NO_COMMON_BLOCKS = YES;
				GCC_OPTIMIZATION_LEVEL = 0;
				GCC_PREPROCESSOR_DEFINITIONS = (
					"DEBUG=1",
					"$(inherited)",
				);
				GCC_WARN_64_TO_32_BIT_CONVERSION = YES;
				GCC_WARN_ABOUT_RETURN_TYPE = YES_ERROR;
				GCC_WARN_UNDECLARED_SELECTOR = YES;
				GCC_WARN_UNINITIALIZED_AUTOS = YES_AGGRESSIVE;
				GCC_WARN_UNUSED_FUNCTION = YES;
				GCC_WARN_UNUSED_VARIABLE = YES;
				IPHONEOS_DEPLOYMENT_TARGET = 15.0;
				MTL_ENABLE_DEBUG_INFO = INCLUDE_SOURCE;
				MTL_FAST_MATH = YES;
				ONLY_ACTIVE_ARCH = YES;
				SDKROOT = iphoneos;
				SWIFT_ACTIVE_COMPILATION_CONDITIONS = DEBUG;
				SWIFT_OPTIMIZATION_LEVEL = "-Onone";
			};
			name = Debug;
		};
		7F06DFB3274182430095B326 /* Release */ = {
			isa = XCBuildConfiguration;
			buildSettings = {
				ALWAYS_SEARCH_USER_PATHS = NO;
				CLANG_ANALYZER_NONNULL = YES;
				CLANG_ANALYZER_NUMBER_OBJECT_CONVERSION = YES_AGGRESSIVE;
				CLANG_CXX_LANGUAGE_STANDARD = "gnu++17";
				CLANG_CXX_LIBRARY = "libc++";
				CLANG_ENABLE_MODULES = YES;
				CLANG_ENABLE_OBJC_ARC = YES;
				CLANG_ENABLE_OBJC_WEAK = YES;
				CLANG_WARN_BLOCK_CAPTURE_AUTORELEASING = YES;
				CLANG_WARN_BOOL_CONVERSION = YES;
				CLANG_WARN_COMMA = YES;
				CLANG_WARN_CONSTANT_CONVERSION = YES;
				CLANG_WARN_DEPRECATED_OBJC_IMPLEMENTATIONS = YES;
				CLANG_WARN_DIRECT_OBJC_ISA_USAGE = YES_ERROR;
				CLANG_WARN_DOCUMENTATION_COMMENTS = YES;
				CLANG_WARN_EMPTY_BODY = YES;
				CLANG_WARN_ENUM_CONVERSION = YES;
				CLANG_WARN_INFINITE_RECURSION = YES;
				CLANG_WARN_INT_CONVERSION = YES;
				CLANG_WARN_NON_LITERAL_NULL_CONVERSION = YES;
				CLANG_WARN_OBJC_IMPLICIT_RETAIN_SELF = YES;
				CLANG_WARN_OBJC_LITERAL_CONVERSION = YES;
				CLANG_WARN_OBJC_ROOT_CLASS = YES_ERROR;
				CLANG_WARN_QUOTED_INCLUDE_IN_FRAMEWORK_HEADER = YES;
				CLANG_WARN_RANGE_LOOP_ANALYSIS = YES;
				CLANG_WARN_STRICT_PROTOTYPES = YES;
				CLANG_WARN_SUSPICIOUS_MOVE = YES;
				CLANG_WARN_UNGUARDED_AVAILABILITY = YES_AGGRESSIVE;
				CLANG_WARN_UNREACHABLE_CODE = YES;
				CLANG_WARN__DUPLICATE_METHOD_MATCH = YES;
				COPY_PHASE_STRIP = NO;
				DEBUG_INFORMATION_FORMAT = "dwarf-with-dsym";
				ENABLE_NS_ASSERTIONS = NO;
				ENABLE_STRICT_OBJC_MSGSEND = YES;
				GCC_C_LANGUAGE_STANDARD = gnu11;
				GCC_NO_COMMON_BLOCKS = YES;
				GCC_WARN_64_TO_32_BIT_CONVERSION = YES;
				GCC_WARN_ABOUT_RETURN_TYPE = YES_ERROR;
				GCC_WARN_UNDECLARED_SELECTOR = YES;
				GCC_WARN_UNINITIALIZED_AUTOS = YES_AGGRESSIVE;
				GCC_WARN_UNUSED_FUNCTION = YES;
				GCC_WARN_UNUSED_VARIABLE = YES;
				IPHONEOS_DEPLOYMENT_TARGET = 15.0;
				MTL_ENABLE_DEBUG_INFO = NO;
				MTL_FAST_MATH = YES;
				SDKROOT = iphoneos;
				SWIFT_COMPILATION_MODE = wholemodule;
				SWIFT_OPTIMIZATION_LEVEL = "-O";
				VALIDATE_PRODUCT = YES;
			};
			name = Release;
		};
		7F06DFB5274182430095B326 /* Debug */ = {
			isa = XCBuildConfiguration;
			buildSettings = {
				ASSETCATALOG_COMPILER_APPICON_NAME = AppIcon;
				ASSETCATALOG_COMPILER_GLOBAL_ACCENT_COLOR_NAME = AccentColor;
				CODE_SIGN_STYLE = Automatic;
				CURRENT_PROJECT_VERSION = 1;
				DEVELOPMENT_TEAM = MZV473SPTS;
				GENERATE_INFOPLIST_FILE = YES;
				INFOPLIST_FILE = AsyncAwait/Info.plist;
				INFOPLIST_KEY_UIApplicationSupportsIndirectInputEvents = YES;
				INFOPLIST_KEY_UILaunchStoryboardName = LaunchScreen;
				INFOPLIST_KEY_UIMainStoryboardFile = Main;
				INFOPLIST_KEY_UISupportedInterfaceOrientations_iPad = "UIInterfaceOrientationPortrait UIInterfaceOrientationPortraitUpsideDown UIInterfaceOrientationLandscapeLeft UIInterfaceOrientationLandscapeRight";
				INFOPLIST_KEY_UISupportedInterfaceOrientations_iPhone = "UIInterfaceOrientationPortrait UIInterfaceOrientationLandscapeLeft UIInterfaceOrientationLandscapeRight";
				LD_RUNPATH_SEARCH_PATHS = (
					"$(inherited)",
					"@executable_path/Frameworks",
				);
				MARKETING_VERSION = 1.0;
				PRODUCT_BUNDLE_IDENTIFIER = jp.ac.jec.20cm0123.AsyncAwait;
				PRODUCT_NAME = "$(TARGET_NAME)";
				SWIFT_EMIT_LOC_STRINGS = YES;
				SWIFT_VERSION = 5.0;
				TARGETED_DEVICE_FAMILY = "1,2";
			};
			name = Debug;
		};
		7F06DFB6274182430095B326 /* Release */ = {
			isa = XCBuildConfiguration;
			buildSettings = {
				ASSETCATALOG_COMPILER_APPICON_NAME = AppIcon;
				ASSETCATALOG_COMPILER_GLOBAL_ACCENT_COLOR_NAME = AccentColor;
				CODE_SIGN_STYLE = Automatic;
				CURRENT_PROJECT_VERSION = 1;
				DEVELOPMENT_TEAM = MZV473SPTS;
				GENERATE_INFOPLIST_FILE = YES;
				INFOPLIST_FILE = AsyncAwait/Info.plist;
				INFOPLIST_KEY_UIApplicationSupportsIndirectInputEvents = YES;
				INFOPLIST_KEY_UILaunchStoryboardName = LaunchScreen;
				INFOPLIST_KEY_UIMainStoryboardFile = Main;
				INFOPLIST_KEY_UISupportedInterfaceOrientations_iPad = "UIInterfaceOrientationPortrait UIInterfaceOrientationPortraitUpsideDown UIInterfaceOrientationLandscapeLeft UIInterfaceOrientationLandscapeRight";
				INFOPLIST_KEY_UISupportedInterfaceOrientations_iPhone = "UIInterfaceOrientationPortrait UIInterfaceOrientationLandscapeLeft UIInterfaceOrientationLandscapeRight";
				LD_RUNPATH_SEARCH_PATHS = (
					"$(inherited)",
					"@executable_path/Frameworks",
				);
				MARKETING_VERSION = 1.0;
				PRODUCT_BUNDLE_IDENTIFIER = jp.ac.jec.20cm0123.AsyncAwait;
				PRODUCT_NAME = "$(TARGET_NAME)";
				SWIFT_EMIT_LOC_STRINGS = YES;
				SWIFT_VERSION = 5.0;
				TARGETED_DEVICE_FAMILY = "1,2";
			};
			name = Release;
		};
/* End XCBuildConfiguration section */

/* Begin XCConfigurationList section */
		7F06DF9B274182410095B326 /* Build configuration list for PBXProject "AsyncAwait" */ = {
			isa = XCConfigurationList;
			buildConfigurations = (
				7F06DFB2274182430095B326 /* Debug */,
				7F06DFB3274182430095B326 /* Release */,
			);
			defaultConfigurationIsVisible = 0;
			defaultConfigurationName = Release;
		};
		7F06DFB4274182430095B326 /* Build configuration list for PBXNativeTarget "AsyncAwait" */ = {
			isa = XCConfigurationList;
			buildConfigurations = (
				7F06DFB5274182430095B326 /* Debug */,
				7F06DFB6274182430095B326 /* Release */,
			);
			defaultConfigurationIsVisible = 0;
			defaultConfigurationName = Release;
		};
/* End XCConfigurationList section */
	};
	rootObject = 7F06DF98274182410095B326 /* Project object */;
}
